
Microsoft Visual Studio Solution File, Format Version 12.00
# Visual Studio 15
VisualStudioVersion = 15.0.28307.1062
MinimumVisualStudioVersion = 10.0.40219.1
Project("{FAE04EC0-301F-11D3-BF4B-00C04F79EFBC}") = "WereBot", "WereBot\WereBot.csproj", "{342E8E26-8783-4487-8E9E-10EDE5D5CE3F}"
EndProject
Global
	GlobalSection(SolutionConfigurationPlatforms) = preSolution
		Debug|Any CPU = Debug|Any CPU
		Release|Any CPU = Release|Any CPU
	EndGlobalSection
	GlobalSection(ProjectConfigurationPlatforms) = postSolution
		{342E8E26-8783-4487-8E9E-10EDE5D5CE3F}.Debug|Any CPU.ActiveCfg = Debug|Any CPU
		{342E8E26-8783-4487-8E9E-10EDE5D5CE3F}.Debug|Any CPU.Build.0 = Debug|Any CPU
		{342E8E26-8783-4487-8E9E-10EDE5D5CE3F}.Release|Any CPU.ActiveCfg = Release|Any CPU
		{342E8E26-8783-4487-8E9E-10EDE5D5CE3F}.Release|Any CPU.Build.0 = Release|Any CPU
	EndGlobalSection
	GlobalSection(SolutionProperties) = preSolution
		HideSolutionNode = FALSE
	EndGlobalSection
	GlobalSection(ExtensibilityGlobals) = postSolution
		SolutionGuid = {5F676C96-75E3-4035-9C1E-E210F03BA1A6}
	EndGlobalSection
EndGlobal
